
Microsoft Visual Studio Solution File, Format Version 12.00
# Visual Studio 15
Project("{FAE04EC0-301F-11D3-BF4B-00C04F79EFBC}") = "Assembly-CSharp", "Assembly-CSharp.csproj", "{39134609-9790-D5D3-CE0F-A69810DC82E2}"
EndProject
Project("{FAE04EC0-301F-11D3-BF4B-00C04F79EFBC}") = "Assembly-CSharp-Editor", "Assembly-CSharp-Editor.csproj", "{BB0D7426-5109-6F1B-1345-A21DC5D88978}"
EndProject
Global
	GlobalSection(SolutionConfigurationPlatforms) = preSolution
		Debug|Any CPU = Debug|Any CPU
		Release|Any CPU = Release|Any CPU
	EndGlobalSection
	GlobalSection(ProjectConfigurationPlatforms) = postSolution
		{39134609-9790-D5D3-CE0F-A69810DC82E2}.Debug|Any CPU.ActiveCfg = Debug|Any CPU
		{39134609-9790-D5D3-CE0F-A69810DC82E2}.Debug|Any CPU.Build.0 = Debug|Any CPU
		{39134609-9790-D5D3-CE0F-A69810DC82E2}.Release|Any CPU.ActiveCfg = Release|Any CPU
		{39134609-9790-D5D3-CE0F-A69810DC82E2}.Release|Any CPU.Build.0 = Release|Any CPU
		{BB0D7426-5109-6F1B-1345-A21DC5D88978}.Debug|Any CPU.ActiveCfg = Debug|Any CPU
		{BB0D7426-5109-6F1B-1345-A21DC5D88978}.Debug|Any CPU.Build.0 = Debug|Any CPU
		{BB0D7426-5109-6F1B-1345-A21DC5D88978}.Release|Any CPU.ActiveCfg = Release|Any CPU
		{BB0D7426-5109-6F1B-1345-A21DC5D88978}.Release|Any CPU.Build.0 = Release|Any CPU
	EndGlobalSection
	GlobalSection(SolutionProperties) = preSolution
		HideSolutionNode = FALSE
	EndGlobalSection
EndGlobal
